
Microsoft Visual Studio Solution File, Format Version 12.00
# Visual Studio Version 17
VisualStudioVersion = 17.9.34728.123
MinimumVisualStudioVersion = 10.0.40219.1
Project("{9A19103F-16F7-4668-BE54-9A1E7A4F7556}") = "HelloLambda", "HelloLambda\HelloLambda.csproj", "{06B8296D-A16B-45A5-9DDD-C0011B66403C}"
EndProject
Global
	GlobalSection(SolutionConfigurationPlatforms) = preSolution
		Debug|Any CPU = Debug|Any CPU
		Release|Any CPU = Release|Any CPU
	EndGlobalSection
	GlobalSection(ProjectConfigurationPlatforms) = postSolution
		{06B8296D-A16B-45A5-9DDD-C0011B66403C}.Debug|Any CPU.ActiveCfg = Debug|Any CPU
		{06B8296D-A16B-45A5-9DDD-C0011B66403C}.Debug|Any CPU.Build.0 = Debug|Any CPU
		{06B8296D-A16B-45A5-9DDD-C0011B66403C}.Release|Any CPU.ActiveCfg = Release|Any CPU
		{06B8296D-A16B-45A5-9DDD-C0011B66403C}.Release|Any CPU.Build.0 = Release|Any CPU
	EndGlobalSection
	GlobalSection(SolutionProperties) = preSolution
		HideSolutionNode = FALSE
	EndGlobalSection
	GlobalSection(ExtensibilityGlobals) = postSolution
		SolutionGuid = {C107BD2E-FABD-4F00-9964-C37B433B92AF}
	EndGlobalSection
EndGlobal
